{
    "name": "PiFans",
    "version": "1.0.0",
    "lockfileVersion": 2,
    "requires": true,
    "packages": {
        "": {
            "name": "PiFans",
            "version": "1.0.0",
            "dependencies": {
                "@amap/amap-jsapi-loader": "^1.0.1",
                "easemob-websdk": "^4.0.3"
            }
        },
        "node_modules/@amap/amap-jsapi-loader": {
            "version": "1.0.1",
            "resolved": "https://registry.npmjs.org/@amap/amap-jsapi-loader/-/amap-jsapi-loader-1.0.1.tgz",
            "integrity": "sha512-nPyLKt7Ow/ThHLkSvn2etQlUzqxmTVgK7bIgwdBRTg2HK5668oN7xVxkaiRe3YZEzGzfV2XgH5Jmu2T73ljejw=="
        },
        "node_modules/easemob-websdk": {
            "version": "4.0.3",
            "resolved": "https://registry.npmjs.org/easemob-websdk/-/easemob-websdk-4.0.3.tgz",
            "integrity": "sha512-M7dN5lXt7di7EA+7WQ/A7fe+uxeUALufouTnEttVgx3cpPlGj2BTL+4JntxJHIu716W5j8jXlXNh9ZOOTQigUA=="
        }
    },
    "dependencies": {
        "@amap/amap-jsapi-loader": {
            "version": "1.0.1",
            "resolved": "https://registry.npmjs.org/@amap/amap-jsapi-loader/-/amap-jsapi-loader-1.0.1.tgz",
            "integrity": "sha512-nPyLKt7Ow/ThHLkSvn2etQlUzqxmTVgK7bIgwdBRTg2HK5668oN7xVxkaiRe3YZEzGzfV2XgH5Jmu2T73ljejw=="
        },
        "easemob-websdk": {
            "version": "4.0.3",
            "resolved": "https://registry.npmjs.org/easemob-websdk/-/easemob-websdk-4.0.3.tgz",
            "integrity": "sha512-M7dN5lXt7di7EA+7WQ/A7fe+uxeUALufouTnEttVgx3cpPlGj2BTL+4JntxJHIu716W5j8jXlXNh9ZOOTQigUA=="
        }
    }
}
